
Microsoft Visual Studio Solution File, Format Version 12.00
# Visual Studio Version 17
VisualStudioVersion = 17.5.33516.290
MinimumVisualStudioVersion = 10.0.40219.1
Project("{2150E333-8FDC-42A3-9474-1A3956D46DE8}") = "Dapper", "Dapper", "{5F7515FB-7A06-4731-B57F-9F761CAEFCE0}"
EndProject
Project("{2150E333-8FDC-42A3-9474-1A3956D46DE8}") = "EntityFramework", "EntityFramework", "{FECD430A-750C-4830-9F02-1EC8FC2C2816}"
EndProject
Project("{9A19103F-16F7-4668-BE54-9A1E7A4F7556}") = "Phrases.API", "PhrasesApi\Phrases.API.csproj", "{2C8921A6-ABFA-42F1-81AD-FE54CFD884A5}"
EndProject
Project("{9A19103F-16F7-4668-BE54-9A1E7A4F7556}") = "Phrases.DAL", "PhrasesDAL\Phrases.DAL.csproj", "{E1D37307-CA86-4D2E-8FF1-EC53027673D8}"
EndProject
Project("{9A19103F-16F7-4668-BE54-9A1E7A4F7556}") = "Comments.DAL", "CommentsDAL\Comments.DAL.csproj", "{EBE24F8F-8558-481D-BBFF-5BD47E4D1A31}"
EndProject
Project("{9A19103F-16F7-4668-BE54-9A1E7A4F7556}") = "Comments.API", "CommentsApi\Comments.API.csproj", "{1AE4DA1B-346E-40E1-BF20-F1B4CE058DCA}"
EndProject
Project("{9A19103F-16F7-4668-BE54-9A1E7A4F7556}") = "Phrases.Data", "PhrasesData\Phrases.Data.csproj", "{29DC4F91-606A-451A-90A2-24800BBED623}"
EndProject
Project("{9A19103F-16F7-4668-BE54-9A1E7A4F7556}") = "Phrases.BLL", "PhrasesBLL\Phrases.BLL.csproj", "{2AD0F246-39C4-4188-84B6-09BC9CDDA983}"
EndProject
Project("{9A19103F-16F7-4668-BE54-9A1E7A4F7556}") = "Comments.Data", "Comments.Data\Comments.Data.csproj", "{0B276B6C-81F0-4B7D-924B-9B09CCF2A689}"
EndProject
Project("{9A19103F-16F7-4668-BE54-9A1E7A4F7556}") = "Comments.Migrations", "Comments.Migrations\Comments.Migrations.csproj", "{C7D8285A-113F-4993-B2CC-C98E71A5FDD8}"
EndProject
Project("{9A19103F-16F7-4668-BE54-9A1E7A4F7556}") = "Comments.BLL", "Comments.BLL\Comments.BLL.csproj", "{F012E6F4-DFFF-46F3-A98F-D1FC74FF7FC7}"
EndProject
Project("{2150E333-8FDC-42A3-9474-1A3956D46DE8}") = "Blazor", "Blazor", "{A48692BA-6855-496B-9C00-703761FB4BEA}"
EndProject
Project("{9A19103F-16F7-4668-BE54-9A1E7A4F7556}") = "CrylatoFront", "CrylatoFront\CrylatoFront.csproj", "{DD1794F1-6B53-4159-8516-15DD03B789FD}"
EndProject
Global
	GlobalSection(SolutionConfigurationPlatforms) = preSolution
		Debug|Any CPU = Debug|Any CPU
		Release|Any CPU = Release|Any CPU
	EndGlobalSection
	GlobalSection(ProjectConfigurationPlatforms) = postSolution
		{2C8921A6-ABFA-42F1-81AD-FE54CFD884A5}.Debug|Any CPU.ActiveCfg = Debug|Any CPU
		{2C8921A6-ABFA-42F1-81AD-FE54CFD884A5}.Debug|Any CPU.Build.0 = Debug|Any CPU
		{2C8921A6-ABFA-42F1-81AD-FE54CFD884A5}.Release|Any CPU.ActiveCfg = Release|Any CPU
		{2C8921A6-ABFA-42F1-81AD-FE54CFD884A5}.Release|Any CPU.Build.0 = Release|Any CPU
		{E1D37307-CA86-4D2E-8FF1-EC53027673D8}.Debug|Any CPU.ActiveCfg = Debug|Any CPU
		{E1D37307-CA86-4D2E-8FF1-EC53027673D8}.Debug|Any CPU.Build.0 = Debug|Any CPU
		{E1D37307-CA86-4D2E-8FF1-EC53027673D8}.Release|Any CPU.ActiveCfg = Release|Any CPU
		{E1D37307-CA86-4D2E-8FF1-EC53027673D8}.Release|Any CPU.Build.0 = Release|Any CPU
		{EBE24F8F-8558-481D-BBFF-5BD47E4D1A31}.Debug|Any CPU.ActiveCfg = Debug|Any CPU
		{EBE24F8F-8558-481D-BBFF-5BD47E4D1A31}.Debug|Any CPU.Build.0 = Debug|Any CPU
		{EBE24F8F-8558-481D-BBFF-5BD47E4D1A31}.Release|Any CPU.ActiveCfg = Release|Any CPU
		{EBE24F8F-8558-481D-BBFF-5BD47E4D1A31}.Release|Any CPU.Build.0 = Release|Any CPU
		{1AE4DA1B-346E-40E1-BF20-F1B4CE058DCA}.Debug|Any CPU.ActiveCfg = Debug|Any CPU
		{1AE4DA1B-346E-40E1-BF20-F1B4CE058DCA}.Debug|Any CPU.Build.0 = Debug|Any CPU
		{1AE4DA1B-346E-40E1-BF20-F1B4CE058DCA}.Release|Any CPU.ActiveCfg = Release|Any CPU
		{1AE4DA1B-346E-40E1-BF20-F1B4CE058DCA}.Release|Any CPU.Build.0 = Release|Any CPU
		{29DC4F91-606A-451A-90A2-24800BBED623}.Debug|Any CPU.ActiveCfg = Debug|Any CPU
		{29DC4F91-606A-451A-90A2-24800BBED623}.Debug|Any CPU.Build.0 = Debug|Any CPU
		{29DC4F91-606A-451A-90A2-24800BBED623}.Release|Any CPU.ActiveCfg = Release|Any CPU
		{29DC4F91-606A-451A-90A2-24800BBED623}.Release|Any CPU.Build.0 = Release|Any CPU
		{2AD0F246-39C4-4188-84B6-09BC9CDDA983}.Debug|Any CPU.ActiveCfg = Debug|Any CPU
		{2AD0F246-39C4-4188-84B6-09BC9CDDA983}.Debug|Any CPU.Build.0 = Debug|Any CPU
		{2AD0F246-39C4-4188-84B6-09BC9CDDA983}.Release|Any CPU.ActiveCfg = Release|Any CPU
		{2AD0F246-39C4-4188-84B6-09BC9CDDA983}.Release|Any CPU.Build.0 = Release|Any CPU
		{0B276B6C-81F0-4B7D-924B-9B09CCF2A689}.Debug|Any CPU.ActiveCfg = Debug|Any CPU
		{0B276B6C-81F0-4B7D-924B-9B09CCF2A689}.Debug|Any CPU.Build.0 = Debug|Any CPU
		{0B276B6C-81F0-4B7D-924B-9B09CCF2A689}.Release|Any CPU.ActiveCfg = Release|Any CPU
		{0B276B6C-81F0-4B7D-924B-9B09CCF2A689}.Release|Any CPU.Build.0 = Release|Any CPU
		{C7D8285A-113F-4993-B2CC-C98E71A5FDD8}.Debug|Any CPU.ActiveCfg = Debug|Any CPU
		{C7D8285A-113F-4993-B2CC-C98E71A5FDD8}.Debug|Any CPU.Build.0 = Debug|Any CPU
		{C7D8285A-113F-4993-B2CC-C98E71A5FDD8}.Release|Any CPU.ActiveCfg = Release|Any CPU
		{C7D8285A-113F-4993-B2CC-C98E71A5FDD8}.Release|Any CPU.Build.0 = Release|Any CPU
		{F012E6F4-DFFF-46F3-A98F-D1FC74FF7FC7}.Debug|Any CPU.ActiveCfg = Debug|Any CPU
		{F012E6F4-DFFF-46F3-A98F-D1FC74FF7FC7}.Debug|Any CPU.Build.0 = Debug|Any CPU
		{F012E6F4-DFFF-46F3-A98F-D1FC74FF7FC7}.Release|Any CPU.ActiveCfg = Release|Any CPU
		{F012E6F4-DFFF-46F3-A98F-D1FC74FF7FC7}.Release|Any CPU.Build.0 = Release|Any CPU
		{DD1794F1-6B53-4159-8516-15DD03B789FD}.Debug|Any CPU.ActiveCfg = Debug|Any CPU
		{DD1794F1-6B53-4159-8516-15DD03B789FD}.Debug|Any CPU.Build.0 = Debug|Any CPU
		{DD1794F1-6B53-4159-8516-15DD03B789FD}.Release|Any CPU.ActiveCfg = Release|Any CPU
		{DD1794F1-6B53-4159-8516-15DD03B789FD}.Release|Any CPU.Build.0 = Release|Any CPU
	EndGlobalSection
	GlobalSection(SolutionProperties) = preSolution
		HideSolutionNode = FALSE
	EndGlobalSection
	GlobalSection(NestedProjects) = preSolution
		{2C8921A6-ABFA-42F1-81AD-FE54CFD884A5} = {5F7515FB-7A06-4731-B57F-9F761CAEFCE0}
		{E1D37307-CA86-4D2E-8FF1-EC53027673D8} = {5F7515FB-7A06-4731-B57F-9F761CAEFCE0}
		{EBE24F8F-8558-481D-BBFF-5BD47E4D1A31} = {FECD430A-750C-4830-9F02-1EC8FC2C2816}
		{1AE4DA1B-346E-40E1-BF20-F1B4CE058DCA} = {FECD430A-750C-4830-9F02-1EC8FC2C2816}
		{29DC4F91-606A-451A-90A2-24800BBED623} = {5F7515FB-7A06-4731-B57F-9F761CAEFCE0}
		{2AD0F246-39C4-4188-84B6-09BC9CDDA983} = {5F7515FB-7A06-4731-B57F-9F761CAEFCE0}
		{0B276B6C-81F0-4B7D-924B-9B09CCF2A689} = {FECD430A-750C-4830-9F02-1EC8FC2C2816}
		{C7D8285A-113F-4993-B2CC-C98E71A5FDD8} = {FECD430A-750C-4830-9F02-1EC8FC2C2816}
		{F012E6F4-DFFF-46F3-A98F-D1FC74FF7FC7} = {FECD430A-750C-4830-9F02-1EC8FC2C2816}
		{DD1794F1-6B53-4159-8516-15DD03B789FD} = {A48692BA-6855-496B-9C00-703761FB4BEA}
	EndGlobalSection
	GlobalSection(ExtensibilityGlobals) = postSolution
		SolutionGuid = {30F289AB-C423-4D1E-AF1F-775020E1CC3D}
	EndGlobalSection
EndGlobal
